{
  "name": "inspectflow-demo",
  "version": "1.0.0",
  "lockfileVersion": 3,
  "requires": true,
  "packages": {
    "": {
      "name": "inspectflow-demo",
      "version": "1.0.0",
      "dependencies": {
        "react": "^18.3.1",
        "react-dom": "^18.3.1"
      },
      "devDependencies": {
        "@vitejs/plugin-react": "^4.3.1",
        "gh-pages": "^6.1.1",
        "vite": "^5.4.2"
      }
    }
  }
}
